
Microsoft Visual Studio Solution File, Format Version 12.00
# Visual Studio Version 17
VisualStudioVersion = 17.2.32516.85
MinimumVisualStudioVersion = 10.0.40219.1
Project("{FAE04EC0-301F-11D3-BF4B-00C04F79EFBC}") = "Task2", "Task2\Task2.csproj", "{FA9BA0EF-6A4B-44EA-811D-2D743F3DEAC8}"
EndProject
Global
	GlobalSection(SolutionConfigurationPlatforms) = preSolution
		Debug|Any CPU = Debug|Any CPU
		Release|Any CPU = Release|Any CPU
	EndGlobalSection
	GlobalSection(ProjectConfigurationPlatforms) = postSolution
		{FA9BA0EF-6A4B-44EA-811D-2D743F3DEAC8}.Debug|Any CPU.ActiveCfg = Debug|Any CPU
		{FA9BA0EF-6A4B-44EA-811D-2D743F3DEAC8}.Debug|Any CPU.Build.0 = Debug|Any CPU
		{FA9BA0EF-6A4B-44EA-811D-2D743F3DEAC8}.Release|Any CPU.ActiveCfg = Release|Any CPU
		{FA9BA0EF-6A4B-44EA-811D-2D743F3DEAC8}.Release|Any CPU.Build.0 = Release|Any CPU
	EndGlobalSection
	GlobalSection(SolutionProperties) = preSolution
		HideSolutionNode = FALSE
	EndGlobalSection
	GlobalSection(ExtensibilityGlobals) = postSolution
		SolutionGuid = {4C0AC607-F437-4E85-BB8C-D200E5CEF94C}
	EndGlobalSection
EndGlobal
